
Microsoft Visual Studio Solution File, Format Version 12.00
Project("{FAE04EC0-301F-11D3-BF4B-00C04F79EFBC}") = "CSharpAssignment", "CSharpAssignment\CSharpAssignment.csproj", "{D56B2AA7-869C-4BD1-9D7D-EC956E37827D}"
EndProject
Global
	GlobalSection(SolutionConfigurationPlatforms) = preSolution
		Debug|Any CPU = Debug|Any CPU
		Release|Any CPU = Release|Any CPU
	EndGlobalSection
	GlobalSection(ProjectConfigurationPlatforms) = postSolution
		{D56B2AA7-869C-4BD1-9D7D-EC956E37827D}.Debug|Any CPU.ActiveCfg = Debug|Any CPU
		{D56B2AA7-869C-4BD1-9D7D-EC956E37827D}.Debug|Any CPU.Build.0 = Debug|Any CPU
		{D56B2AA7-869C-4BD1-9D7D-EC956E37827D}.Release|Any CPU.ActiveCfg = Release|Any CPU
		{D56B2AA7-869C-4BD1-9D7D-EC956E37827D}.Release|Any CPU.Build.0 = Release|Any CPU
	EndGlobalSection
EndGlobal
